
Microsoft Visual Studio Solution File, Format Version 12.00
# Visual Studio Version 17
VisualStudioVersion = 17.0.31919.166
MinimumVisualStudioVersion = 10.0.40219.1
Project("{FAE04EC0-301F-11D3-BF4B-00C04F79EFBC}") = "Aoc.D1", "Aoc.D1\Aoc.D1.csproj", "{71808851-0030-4D06-899B-FCDBE32D27FC}"
EndProject
Global
	GlobalSection(SolutionConfigurationPlatforms) = preSolution
		Debug|Any CPU = Debug|Any CPU
		Release|Any CPU = Release|Any CPU
	EndGlobalSection
	GlobalSection(ProjectConfigurationPlatforms) = postSolution
		{71808851-0030-4D06-899B-FCDBE32D27FC}.Debug|Any CPU.ActiveCfg = Debug|Any CPU
		{71808851-0030-4D06-899B-FCDBE32D27FC}.Debug|Any CPU.Build.0 = Debug|Any CPU
		{71808851-0030-4D06-899B-FCDBE32D27FC}.Release|Any CPU.ActiveCfg = Release|Any CPU
		{71808851-0030-4D06-899B-FCDBE32D27FC}.Release|Any CPU.Build.0 = Release|Any CPU
	EndGlobalSection
	GlobalSection(SolutionProperties) = preSolution
		HideSolutionNode = FALSE
	EndGlobalSection
	GlobalSection(ExtensibilityGlobals) = postSolution
		SolutionGuid = {7D77EC8D-B0B1-441B-9C78-57EDE20E9A6A}
	EndGlobalSection
EndGlobal
